
Microsoft Visual Studio Solution File, Format Version 12.00
# Visual Studio Version 16
VisualStudioVersion = 16.0.30309.148
MinimumVisualStudioVersion = 10.0.40219.1
Project("{FAE04EC0-301F-11D3-BF4B-00C04F79EFBC}") = "GiaSuFeedBack.UWP", "GiaSuFeedBack\GiaSuFeedBack.UWP\GiaSuFeedBack.UWP.csproj", "{08EE29DD-66C8-46A6-88DF-2AC5C7DCBFE2}"
EndProject
Project("{FAE04EC0-301F-11D3-BF4B-00C04F79EFBC}") = "GiaSuFeedBack.Android", "GiaSuFeedBack\GiaSuFeedBack.Android\GiaSuFeedBack.Android.csproj", "{2C37C6A6-8F92-4CEB-9A98-8653EFBCAC56}"
EndProject
Project("{FAE04EC0-301F-11D3-BF4B-00C04F79EFBC}") = "GiaSuFeedBack.iOS", "GiaSuFeedBack\GiaSuFeedBack.iOS\GiaSuFeedBack.iOS.csproj", "{CE6D9479-513B-470E-A219-83D7F9E5F8A9}"
EndProject
Project("{FAE04EC0-301F-11D3-BF4B-00C04F79EFBC}") = "GiaSuFeedBack", "GiaSuFeedBack\GiaSuFeedBack\GiaSuFeedBack.csproj", "{4A446A50-05D2-4D0D-9F54-7ABC7FFFCAC1}"
EndProject
Global
	GlobalSection(SolutionConfigurationPlatforms) = preSolution
		Debug|Any CPU = Debug|Any CPU
		Debug|ARM = Debug|ARM
		Debug|iPhone = Debug|iPhone
		Debug|iPhoneSimulator = Debug|iPhoneSimulator
		Debug|x64 = Debug|x64
		Debug|x86 = Debug|x86
		Release|Any CPU = Release|Any CPU
		Release|ARM = Release|ARM
		Release|iPhone = Release|iPhone
		Release|iPhoneSimulator = Release|iPhoneSimulator
		Release|x64 = Release|x64
		Release|x86 = Release|x86
	EndGlobalSection
	GlobalSection(ProjectConfigurationPlatforms) = postSolution
		{08EE29DD-66C8-46A6-88DF-2AC5C7DCBFE2}.Debug|Any CPU.ActiveCfg = Debug|x86
		{08EE29DD-66C8-46A6-88DF-2AC5C7DCBFE2}.Debug|Any CPU.Build.0 = Debug|x86
		{08EE29DD-66C8-46A6-88DF-2AC5C7DCBFE2}.Debug|Any CPU.Deploy.0 = Debug|x86
		{08EE29DD-66C8-46A6-88DF-2AC5C7DCBFE2}.Debug|ARM.ActiveCfg = Debug|ARM
		{08EE29DD-66C8-46A6-88DF-2AC5C7DCBFE2}.Debug|ARM.Build.0 = Debug|ARM
		{08EE29DD-66C8-46A6-88DF-2AC5C7DCBFE2}.Debug|ARM.Deploy.0 = Debug|ARM
		{08EE29DD-66C8-46A6-88DF-2AC5C7DCBFE2}.Debug|iPhone.ActiveCfg = Debug|x86
		{08EE29DD-66C8-46A6-88DF-2AC5C7DCBFE2}.Debug|iPhone.Build.0 = Debug|x86
		{08EE29DD-66C8-46A6-88DF-2AC5C7DCBFE2}.Debug|iPhone.Deploy.0 = Debug|x86
		{08EE29DD-66C8-46A6-88DF-2AC5C7DCBFE2}.Debug|iPhoneSimulator.ActiveCfg = Debug|x86
		{08EE29DD-66C8-46A6-88DF-2AC5C7DCBFE2}.Debug|iPhoneSimulator.Build.0 = Debug|x86
		{08EE29DD-66C8-46A6-88DF-2AC5C7DCBFE2}.Debug|iPhoneSimulator.Deploy.0 = Debug|x86
		{08EE29DD-66C8-46A6-88DF-2AC5C7DCBFE2}.Debug|x64.ActiveCfg = Debug|x64
		{08EE29DD-66C8-46A6-88DF-2AC5C7DCBFE2}.Debug|x64.Build.0 = Debug|x64
		{08EE29DD-66C8-46A6-88DF-2AC5C7DCBFE2}.Debug|x64.Deploy.0 = Debug|x64
		{08EE29DD-66C8-46A6-88DF-2AC5C7DCBFE2}.Debug|x86.ActiveCfg = Debug|x86
		{08EE29DD-66C8-46A6-88DF-2AC5C7DCBFE2}.Debug|x86.Build.0 = Debug|x86
		{08EE29DD-66C8-46A6-88DF-2AC5C7DCBFE2}.Debug|x86.Deploy.0 = Debug|x86
		{08EE29DD-66C8-46A6-88DF-2AC5C7DCBFE2}.Release|Any CPU.ActiveCfg = Release|x86
		{08EE29DD-66C8-46A6-88DF-2AC5C7DCBFE2}.Release|Any CPU.Build.0 = Release|x86
		{08EE29DD-66C8-46A6-88DF-2AC5C7DCBFE2}.Release|Any CPU.Deploy.0 = Release|x86
		{08EE29DD-66C8-46A6-88DF-2AC5C7DCBFE2}.Release|ARM.ActiveCfg = Release|ARM
		{08EE29DD-66C8-46A6-88DF-2AC5C7DCBFE2}.Release|ARM.Build.0 = Release|ARM
		{08EE29DD-66C8-46A6-88DF-2AC5C7DCBFE2}.Release|ARM.Deploy.0 = Release|ARM
		{08EE29DD-66C8-46A6-88DF-2AC5C7DCBFE2}.Release|iPhone.ActiveCfg = Release|x86
		{08EE29DD-66C8-46A6-88DF-2AC5C7DCBFE2}.Release|iPhone.Build.0 = Release|x86
		{08EE29DD-66C8-46A6-88DF-2AC5C7DCBFE2}.Release|iPhone.Deploy.0 = Release|x86
		{08EE29DD-66C8-46A6-88DF-2AC5C7DCBFE2}.Release|iPhoneSimulator.ActiveCfg = Release|x86
		{08EE29DD-66C8-46A6-88DF-2AC5C7DCBFE2}.Release|iPhoneSimulator.Build.0 = Release|x86
		{08EE29DD-66C8-46A6-88DF-2AC5C7DCBFE2}.Release|iPhoneSimulator.Deploy.0 = Release|x86
		{08EE29DD-66C8-46A6-88DF-2AC5C7DCBFE2}.Release|x64.ActiveCfg = Release|x64
		{08EE29DD-66C8-46A6-88DF-2AC5C7DCBFE2}.Release|x64.Build.0 = Release|x64
		{08EE29DD-66C8-46A6-88DF-2AC5C7DCBFE2}.Release|x64.Deploy.0 = Release|x64
		{08EE29DD-66C8-46A6-88DF-2AC5C7DCBFE2}.Release|x86.ActiveCfg = Release|x86
		{08EE29DD-66C8-46A6-88DF-2AC5C7DCBFE2}.Release|x86.Build.0 = Release|x86
		{08EE29DD-66C8-46A6-88DF-2AC5C7DCBFE2}.Release|x86.Deploy.0 = Release|x86
		{2C37C6A6-8F92-4CEB-9A98-8653EFBCAC56}.Debug|Any CPU.ActiveCfg = Debug|Any CPU
		{2C37C6A6-8F92-4CEB-9A98-8653EFBCAC56}.Debug|Any CPU.Build.0 = Debug|Any CPU
		{2C37C6A6-8F92-4CEB-9A98-8653EFBCAC56}.Debug|Any CPU.Deploy.0 = Debug|Any CPU
		{2C37C6A6-8F92-4CEB-9A98-8653EFBCAC56}.Debug|ARM.ActiveCfg = Debug|Any CPU
		{2C37C6A6-8F92-4CEB-9A98-8653EFBCAC56}.Debug|ARM.Build.0 = Debug|Any CPU
		{2C37C6A6-8F92-4CEB-9A98-8653EFBCAC56}.Debug|ARM.Deploy.0 = Debug|Any CPU
		{2C37C6A6-8F92-4CEB-9A98-8653EFBCAC56}.Debug|iPhone.ActiveCfg = Debug|Any CPU
		{2C37C6A6-8F92-4CEB-9A98-8653EFBCAC56}.Debug|iPhone.Build.0 = Debug|Any CPU
		{2C37C6A6-8F92-4CEB-9A98-8653EFBCAC56}.Debug|iPhone.Deploy.0 = Debug|Any CPU
		{2C37C6A6-8F92-4CEB-9A98-8653EFBCAC56}.Debug|iPhoneSimulator.ActiveCfg = Debug|Any CPU
		{2C37C6A6-8F92-4CEB-9A98-8653EFBCAC56}.Debug|iPhoneSimulator.Build.0 = Debug|Any CPU
		{2C37C6A6-8F92-4CEB-9A98-8653EFBCAC56}.Debug|iPhoneSimulator.Deploy.0 = Debug|Any CPU
		{2C37C6A6-8F92-4CEB-9A98-8653EFBCAC56}.Debug|x64.ActiveCfg = Debug|Any CPU
		{2C37C6A6-8F92-4CEB-9A98-8653EFBCAC56}.Debug|x64.Build.0 = Debug|Any CPU
		{2C37C6A6-8F92-4CEB-9A98-8653EFBCAC56}.Debug|x64.Deploy.0 = Debug|Any CPU
		{2C37C6A6-8F92-4CEB-9A98-8653EFBCAC56}.Debug|x86.ActiveCfg = Debug|Any CPU
		{2C37C6A6-8F92-4CEB-9A98-8653EFBCAC56}.Debug|x86.Build.0 = Debug|Any CPU
		{2C37C6A6-8F92-4CEB-9A98-8653EFBCAC56}.Debug|x86.Deploy.0 = Debug|Any CPU
		{2C37C6A6-8F92-4CEB-9A98-8653EFBCAC56}.Release|Any CPU.ActiveCfg = Release|Any CPU
		{2C37C6A6-8F92-4CEB-9A98-8653EFBCAC56}.Release|Any CPU.Build.0 = Release|Any CPU
		{2C37C6A6-8F92-4CEB-9A98-8653EFBCAC56}.Release|Any CPU.Deploy.0 = Release|Any CPU
		{2C37C6A6-8F92-4CEB-9A98-8653EFBCAC56}.Release|ARM.ActiveCfg = Release|Any CPU
		{2C37C6A6-8F92-4CEB-9A98-8653EFBCAC56}.Release|ARM.Build.0 = Release|Any CPU
		{2C37C6A6-8F92-4CEB-9A98-8653EFBCAC56}.Release|ARM.Deploy.0 = Release|Any CPU
		{2C37C6A6-8F92-4CEB-9A98-8653EFBCAC56}.Release|iPhone.ActiveCfg = Release|Any CPU
		{2C37C6A6-8F92-4CEB-9A98-8653EFBCAC56}.Release|iPhone.Build.0 = Release|Any CPU
		{2C37C6A6-8F92-4CEB-9A98-8653EFBCAC56}.Release|iPhone.Deploy.0 = Release|Any CPU
		{2C37C6A6-8F92-4CEB-9A98-8653EFBCAC56}.Release|iPhoneSimulator.ActiveCfg = Release|Any CPU
		{2C37C6A6-8F92-4CEB-9A98-8653EFBCAC56}.Release|iPhoneSimulator.Build.0 = Release|Any CPU
		{2C37C6A6-8F92-4CEB-9A98-8653EFBCAC56}.Release|iPhoneSimulator.Deploy.0 = Release|Any CPU
		{2C37C6A6-8F92-4CEB-9A98-8653EFBCAC56}.Release|x64.ActiveCfg = Release|Any CPU
		{2C37C6A6-8F92-4CEB-9A98-8653EFBCAC56}.Release|x64.Build.0 = Release|Any CPU
		{2C37C6A6-8F92-4CEB-9A98-8653EFBCAC56}.Release|x64.Deploy.0 = Release|Any CPU
		{2C37C6A6-8F92-4CEB-9A98-8653EFBCAC56}.Release|x86.ActiveCfg = Release|Any CPU
		{2C37C6A6-8F92-4CEB-9A98-8653EFBCAC56}.Release|x86.Build.0 = Release|Any CPU
		{2C37C6A6-8F92-4CEB-9A98-8653EFBCAC56}.Release|x86.Deploy.0 = Release|Any CPU
		{CE6D9479-513B-470E-A219-83D7F9E5F8A9}.Debug|Any CPU.ActiveCfg = Debug|iPhone
		{CE6D9479-513B-470E-A219-83D7F9E5F8A9}.Debug|Any CPU.Build.0 = Debug|iPhone
		{CE6D9479-513B-470E-A219-83D7F9E5F8A9}.Debug|Any CPU.Deploy.0 = Debug|iPhone
		{CE6D9479-513B-470E-A219-83D7F9E5F8A9}.Debug|ARM.ActiveCfg = Debug|iPhone
		{CE6D9479-513B-470E-A219-83D7F9E5F8A9}.Debug|ARM.Build.0 = Debug|iPhone
		{CE6D9479-513B-470E-A219-83D7F9E5F8A9}.Debug|ARM.Deploy.0 = Debug|iPhone
		{CE6D9479-513B-470E-A219-83D7F9E5F8A9}.Debug|iPhone.ActiveCfg = Debug|iPhone
		{CE6D9479-513B-470E-A219-83D7F9E5F8A9}.Debug|iPhone.Build.0 = Debug|iPhone
		{CE6D9479-513B-470E-A219-83D7F9E5F8A9}.Debug|iPhone.Deploy.0 = Debug|iPhone
		{CE6D9479-513B-470E-A219-83D7F9E5F8A9}.Debug|iPhoneSimulator.ActiveCfg = Debug|iPhoneSimulator
		{CE6D9479-513B-470E-A219-83D7F9E5F8A9}.Debug|iPhoneSimulator.Build.0 = Debug|iPhoneSimulator
		{CE6D9479-513B-470E-A219-83D7F9E5F8A9}.Debug|iPhoneSimulator.Deploy.0 = Debug|iPhoneSimulator
		{CE6D9479-513B-470E-A219-83D7F9E5F8A9}.Debug|x64.ActiveCfg = Debug|iPhone
		{CE6D9479-513B-470E-A219-83D7F9E5F8A9}.Debug|x64.Build.0 = Debug|iPhone
		{CE6D9479-513B-470E-A219-83D7F9E5F8A9}.Debug|x64.Deploy.0 = Debug|iPhone
		{CE6D9479-513B-470E-A219-83D7F9E5F8A9}.Debug|x86.ActiveCfg = Debug|iPhone
		{CE6D9479-513B-470E-A219-83D7F9E5F8A9}.Debug|x86.Build.0 = Debug|iPhone
		{CE6D9479-513B-470E-A219-83D7F9E5F8A9}.Debug|x86.Deploy.0 = Debug|iPhone
		{CE6D9479-513B-470E-A219-83D7F9E5F8A9}.Release|Any CPU.ActiveCfg = Release|iPhone
		{CE6D9479-513B-470E-A219-83D7F9E5F8A9}.Release|Any CPU.Build.0 = Release|iPhone
		{CE6D9479-513B-470E-A219-83D7F9E5F8A9}.Release|Any CPU.Deploy.0 = Release|iPhone
		{CE6D9479-513B-470E-A219-83D7F9E5F8A9}.Release|ARM.ActiveCfg = Release|iPhone
		{CE6D9479-513B-470E-A219-83D7F9E5F8A9}.Release|ARM.Build.0 = Release|iPhone
		{CE6D9479-513B-470E-A219-83D7F9E5F8A9}.Release|ARM.Deploy.0 = Release|iPhone
		{CE6D9479-513B-470E-A219-83D7F9E5F8A9}.Release|iPhone.ActiveCfg = Release|iPhone
		{CE6D9479-513B-470E-A219-83D7F9E5F8A9}.Release|iPhone.Build.0 = Release|iPhone
		{CE6D9479-513B-470E-A219-83D7F9E5F8A9}.Release|iPhone.Deploy.0 = Release|iPhone
		{CE6D9479-513B-470E-A219-83D7F9E5F8A9}.Release|iPhoneSimulator.ActiveCfg = Release|iPhoneSimulator
		{CE6D9479-513B-470E-A219-83D7F9E5F8A9}.Release|iPhoneSimulator.Build.0 = Release|iPhoneSimulator
		{CE6D9479-513B-470E-A219-83D7F9E5F8A9}.Release|iPhoneSimulator.Deploy.0 = Release|iPhoneSimulator
		{CE6D9479-513B-470E-A219-83D7F9E5F8A9}.Release|x64.ActiveCfg = Release|iPhone
		{CE6D9479-513B-470E-A219-83D7F9E5F8A9}.Release|x64.Build.0 = Release|iPhone
		{CE6D9479-513B-470E-A219-83D7F9E5F8A9}.Release|x64.Deploy.0 = Release|iPhone
		{CE6D9479-513B-470E-A219-83D7F9E5F8A9}.Release|x86.ActiveCfg = Release|iPhone
		{CE6D9479-513B-470E-A219-83D7F9E5F8A9}.Release|x86.Build.0 = Release|iPhone
		{CE6D9479-513B-470E-A219-83D7F9E5F8A9}.Release|x86.Deploy.0 = Release|iPhone
		{4A446A50-05D2-4D0D-9F54-7ABC7FFFCAC1}.Debug|Any CPU.ActiveCfg = Debug|Any CPU
		{4A446A50-05D2-4D0D-9F54-7ABC7FFFCAC1}.Debug|Any CPU.Build.0 = Debug|Any CPU
		{4A446A50-05D2-4D0D-9F54-7ABC7FFFCAC1}.Debug|Any CPU.Deploy.0 = Debug|Any CPU
		{4A446A50-05D2-4D0D-9F54-7ABC7FFFCAC1}.Debug|ARM.ActiveCfg = Debug|Any CPU
		{4A446A50-05D2-4D0D-9F54-7ABC7FFFCAC1}.Debug|ARM.Build.0 = Debug|Any CPU
		{4A446A50-05D2-4D0D-9F54-7ABC7FFFCAC1}.Debug|ARM.Deploy.0 = Debug|Any CPU
		{4A446A50-05D2-4D0D-9F54-7ABC7FFFCAC1}.Debug|iPhone.ActiveCfg = Debug|Any CPU
		{4A446A50-05D2-4D0D-9F54-7ABC7FFFCAC1}.Debug|iPhone.Build.0 = Debug|Any CPU
		{4A446A50-05D2-4D0D-9F54-7ABC7FFFCAC1}.Debug|iPhone.Deploy.0 = Debug|Any CPU
		{4A446A50-05D2-4D0D-9F54-7ABC7FFFCAC1}.Debug|iPhoneSimulator.ActiveCfg = Debug|Any CPU
		{4A446A50-05D2-4D0D-9F54-7ABC7FFFCAC1}.Debug|iPhoneSimulator.Build.0 = Debug|Any CPU
		{4A446A50-05D2-4D0D-9F54-7ABC7FFFCAC1}.Debug|iPhoneSimulator.Deploy.0 = Debug|Any CPU
		{4A446A50-05D2-4D0D-9F54-7ABC7FFFCAC1}.Debug|x64.ActiveCfg = Debug|Any CPU
		{4A446A50-05D2-4D0D-9F54-7ABC7FFFCAC1}.Debug|x64.Build.0 = Debug|Any CPU
		{4A446A50-05D2-4D0D-9F54-7ABC7FFFCAC1}.Debug|x64.Deploy.0 = Debug|Any CPU
		{4A446A50-05D2-4D0D-9F54-7ABC7FFFCAC1}.Debug|x86.ActiveCfg = Debug|Any CPU
		{4A446A50-05D2-4D0D-9F54-7ABC7FFFCAC1}.Debug|x86.Build.0 = Debug|Any CPU
		{4A446A50-05D2-4D0D-9F54-7ABC7FFFCAC1}.Debug|x86.Deploy.0 = Debug|Any CPU
		{4A446A50-05D2-4D0D-9F54-7ABC7FFFCAC1}.Release|Any CPU.ActiveCfg = Release|Any CPU
		{4A446A50-05D2-4D0D-9F54-7ABC7FFFCAC1}.Release|Any CPU.Build.0 = Release|Any CPU
		{4A446A50-05D2-4D0D-9F54-7ABC7FFFCAC1}.Release|Any CPU.Deploy.0 = Release|Any CPU
		{4A446A50-05D2-4D0D-9F54-7ABC7FFFCAC1}.Release|ARM.ActiveCfg = Release|Any CPU
		{4A446A50-05D2-4D0D-9F54-7ABC7FFFCAC1}.Release|ARM.Build.0 = Release|Any CPU
		{4A446A50-05D2-4D0D-9F54-7ABC7FFFCAC1}.Release|ARM.Deploy.0 = Release|Any CPU
		{4A446A50-05D2-4D0D-9F54-7ABC7FFFCAC1}.Release|iPhone.ActiveCfg = Release|Any CPU
		{4A446A50-05D2-4D0D-9F54-7ABC7FFFCAC1}.Release|iPhone.Build.0 = Release|Any CPU
		{4A446A50-05D2-4D0D-9F54-7ABC7FFFCAC1}.Release|iPhone.Deploy.0 = Release|Any CPU
		{4A446A50-05D2-4D0D-9F54-7ABC7FFFCAC1}.Release|iPhoneSimulator.ActiveCfg = Release|Any CPU
		{4A446A50-05D2-4D0D-9F54-7ABC7FFFCAC1}.Release|iPhoneSimulator.Build.0 = Release|Any CPU
		{4A446A50-05D2-4D0D-9F54-7ABC7FFFCAC1}.Release|iPhoneSimulator.Deploy.0 = Release|Any CPU
		{4A446A50-05D2-4D0D-9F54-7ABC7FFFCAC1}.Release|x64.ActiveCfg = Release|Any CPU
		{4A446A50-05D2-4D0D-9F54-7ABC7FFFCAC1}.Release|x64.Build.0 = Release|Any CPU
		{4A446A50-05D2-4D0D-9F54-7ABC7FFFCAC1}.Release|x64.Deploy.0 = Release|Any CPU
		{4A446A50-05D2-4D0D-9F54-7ABC7FFFCAC1}.Release|x86.ActiveCfg = Release|Any CPU
		{4A446A50-05D2-4D0D-9F54-7ABC7FFFCAC1}.Release|x86.Build.0 = Release|Any CPU
		{4A446A50-05D2-4D0D-9F54-7ABC7FFFCAC1}.Release|x86.Deploy.0 = Release|Any CPU
	EndGlobalSection
	GlobalSection(SolutionProperties) = preSolution
		HideSolutionNode = FALSE
	EndGlobalSection
	GlobalSection(ExtensibilityGlobals) = postSolution
		SolutionGuid = {56857354-AB60-40C3-8ABF-FFAA97394101}
	EndGlobalSection
EndGlobal
